
Microsoft Visual Studio Solution File, Format Version 12.00
# Visual Studio Version 16
VisualStudioVersion = 16.0.28803.452
MinimumVisualStudioVersion = 10.0.40219.1
Project("{FAE04EC0-301F-11D3-BF4B-00C04F79EFBC}") = "Aula_01_TaskParallel", "Aula_01_TaskParallel.csproj", "{D92884BB-F7CE-475A-B042-07F7F26DDDD5}"
EndProject
Global
	GlobalSection(SolutionConfigurationPlatforms) = preSolution
		Debug|Any CPU = Debug|Any CPU
		Release|Any CPU = Release|Any CPU
	EndGlobalSection
	GlobalSection(ProjectConfigurationPlatforms) = postSolution
		{D92884BB-F7CE-475A-B042-07F7F26DDDD5}.Debug|Any CPU.ActiveCfg = Debug|Any CPU
		{D92884BB-F7CE-475A-B042-07F7F26DDDD5}.Debug|Any CPU.Build.0 = Debug|Any CPU
		{D92884BB-F7CE-475A-B042-07F7F26DDDD5}.Release|Any CPU.ActiveCfg = Release|Any CPU
		{D92884BB-F7CE-475A-B042-07F7F26DDDD5}.Release|Any CPU.Build.0 = Release|Any CPU
	EndGlobalSection
	GlobalSection(SolutionProperties) = preSolution
		HideSolutionNode = FALSE
	EndGlobalSection
	GlobalSection(ExtensibilityGlobals) = postSolution
		SolutionGuid = {2569BA58-D619-4D2F-BF68-ABDFE3587883}
	EndGlobalSection
EndGlobal
