
Microsoft Visual Studio Solution File, Format Version 12.00
# Visual Studio Version 16
VisualStudioVersion = 16.0.28803.452
MinimumVisualStudioVersion = 10.0.40219.1
Project("{FAE04EC0-301F-11D3-BF4B-00C04F79EFBC}") = "Aula_05_Usando_AsParallel", "Aula_05_Usando_AsParallel\Aula_05_Usando_AsParallel.csproj", "{964B6A34-97B2-428B-AD34-87B52C770D49}"
EndProject
Global
	GlobalSection(SolutionConfigurationPlatforms) = preSolution
		Debug|Any CPU = Debug|Any CPU
		Release|Any CPU = Release|Any CPU
	EndGlobalSection
	GlobalSection(ProjectConfigurationPlatforms) = postSolution
		{964B6A34-97B2-428B-AD34-87B52C770D49}.Debug|Any CPU.ActiveCfg = Debug|Any CPU
		{964B6A34-97B2-428B-AD34-87B52C770D49}.Debug|Any CPU.Build.0 = Debug|Any CPU
		{964B6A34-97B2-428B-AD34-87B52C770D49}.Release|Any CPU.ActiveCfg = Release|Any CPU
		{964B6A34-97B2-428B-AD34-87B52C770D49}.Release|Any CPU.Build.0 = Release|Any CPU
	EndGlobalSection
	GlobalSection(SolutionProperties) = preSolution
		HideSolutionNode = FALSE
	EndGlobalSection
	GlobalSection(ExtensibilityGlobals) = postSolution
		SolutionGuid = {C28997FC-F55D-49DE-98C5-5B489C6DD71F}
	EndGlobalSection
EndGlobal
